{
  "version": 2,
  "dependencies": {
    "net10.0": {
      "HotChocolate.AspNetCore": {
        "type": "Direct",
        "requested": "[15.1.17, )",
        "resolved": "15.1.17",
        "contentHash": "LNMovtKRVCgSPYf990TfgBkIgOmaSqEspJsGQ68D1fRfs6BWf7zO6lJj5r35pLPLGurlNhmc4zU7bZ3OTh9R2A==",
        "dependencies": {
          "ChilliCream.Nitro.App": "28.0.7",
          "HotChocolate": "15.1.17",
          "HotChocolate.Subscriptions.InMemory": "15.1.17",
          "HotChocolate.Transport.Sockets": "15.1.17",
          "HotChocolate.Types.Scalars.Upload": "15.1.17",
          "HotChocolate.Utilities.DependencyInjection": "15.1.17"
        }
      },
      "HotChocolate.Data": {
        "type": "Direct",
        "requested": "[15.1.17, )",
        "resolved": "15.1.17",
        "contentHash": "6ex2BRFeT7eMI24SGM90Q5Qaf7aNBlJfZvg5XAmWITASYjWYT6RPkQ098eBiEnw5/Pmos9VXrhzYq3u1B4QQAg==",
        "dependencies": {
          "GreenDonut.Data": "15.1.17",
          "GreenDonut.Data.Abstractions": "15.1.17",
          "GreenDonut.Data.Primitives": "15.1.17",
          "HotChocolate.Execution": "15.1.17",
          "HotChocolate.Execution.Projections": "15.1.17",
          "HotChocolate.Types.CursorPagination": "15.1.17"
        }
      },
      "HotChocolate.Types.Analyzers": {
        "type": "Direct",
        "requested": "[15.1.17, )",
        "resolved": "15.1.17",
        "contentHash": "yIL3v55zQGkGbAP7DFHMY5p3gkchSJKUB42wWxu0rRP6h0bsF4Ub9AkHVxkmWCeRl7FgD/tTR92koOug/3oRuw=="
      },
      "Nerdbank.GitVersioning": {
        "type": "Direct",
        "requested": "[3.8.118, )",
        "resolved": "3.8.118",
        "contentHash": "cRaG+ICcECG+CzbtQyUV2WftH7yl2B02AjYGGNScXx8TwYavZYwhCewBTiC0qTcsac7m6AzBUYna5xzBWmTGYw=="
      },
      "ChilliCream.Nitro.App": {
        "type": "Transitive",
        "resolved": "28.0.7",
        "contentHash": "G6CZod8ForeoVMXigRyAxTTqiiUYcppE85UY/zy4XLMunpF1Ginn5njWK+F+93bw3x5SssPR/fexEpOtQqkVLw==",
        "dependencies": {
          "Yarp.ReverseProxy": "2.3.0"
        }
      },
      "GreenDonut": {
        "type": "Transitive",
        "resolved": "15.1.17",
        "contentHash": "MvYpkB1r90Hc1dQc58Ungv+YwQathqDbio8CkPVUa++sQVJgbBG2nEnVy0Nviu89jqYqN/u7VsqKbBQhzGz/qw==",
        "dependencies": {
          "GreenDonut.Abstractions": "15.1.17"
        }
      },
      "GreenDonut.Abstractions": {
        "type": "Transitive",
        "resolved": "15.1.17",
        "contentHash": "VgGJwO18HeMrTXDXyViUc4pcp0QfGYoSB9kFwMHq+eaPkmRGZswX+aeCJ7iIGbzHG9Qn/fA9mdWZ2EZhiyhd2A=="
      },
      "GreenDonut.Data": {
        "type": "Transitive",
        "resolved": "15.1.17",
        "contentHash": "7ucVYABQJJFh20r5dx18ODQ3/lUDhzKvQpax4yTRMfdsREarXBHFgcuS+S6bjlIfwaXh+B0IYgFYy1LipGY5vA==",
        "dependencies": {
          "GreenDonut": "15.1.17",
          "GreenDonut.Data.Abstractions": "15.1.17"
        }
      },
      "GreenDonut.Data.Abstractions": {
        "type": "Transitive",
        "resolved": "15.1.17",
        "contentHash": "aZtHsLezi2K6gGADrZYFbAdz1PpNvvuJuYG6cVRsCUqqwVZddbHO2qzsUmvOJz+OCQIeejLo3y2imRlSkx/GYw==",
        "dependencies": {
          "GreenDonut.Abstractions": "15.1.17",
          "GreenDonut.Data.Primitives": "15.1.17"
        }
      },
      "GreenDonut.Data.Primitives": {
        "type": "Transitive",
        "resolved": "15.1.17",
        "contentHash": "QP5RrsWxTb6NWEJOG+tpcVQpQXlgMIt64Tm1ZQF1TJScX+Pd+dzQ5Gcy9j7KmzQWkcrKPuyrgdkQ8S1kavLYEw=="
      },
      "HotChocolate": {
        "type": "Transitive",
        "resolved": "15.1.17",
        "contentHash": "gRjV/ipKjMeNxQdTWkwis6etCP1oLavxmVPkn+nSM8mtuJK4rsXhODhZGINl7fPuNtoJuNrMK8O+4o0+kCP+MA==",
        "dependencies": {
          "HotChocolate.Authorization": "15.1.17",
          "HotChocolate.CostAnalysis": "15.1.17",
          "HotChocolate.Execution": "15.1.17",
          "HotChocolate.Execution.Projections": "15.1.17",
          "HotChocolate.Fetching": "15.1.17",
          "HotChocolate.Types": "15.1.17",
          "HotChocolate.Types.CursorPagination": "15.1.17",
          "HotChocolate.Types.CursorPagination.Extensions": "15.1.17",
          "HotChocolate.Types.Mutations": "15.1.17",
          "HotChocolate.Types.Queries": "15.1.17",
          "HotChocolate.Validation": "15.1.17"
        }
      },
      "HotChocolate.Abstractions": {
        "type": "Transitive",
        "resolved": "15.1.17",
        "contentHash": "GwJgOvEJoR7ETPqrSc3d9RVsA/FuH55EDR7L09YpNBUGU11QtmE3PqshAKCsFoEOtMXfXoNO/N9+2bFjfNT9tw==",
        "dependencies": {
          "HotChocolate.Primitives": "15.1.17"
        }
      },
      "HotChocolate.Authorization": {
        "type": "Transitive",
        "resolved": "15.1.17",
        "contentHash": "y4+YC6dn5KgyQF9vqzVfmR6PsFWVOAClvIZd0cfc8zltDktUoOdkSXJBCDzr5z03+PeSuj2Qaf5HImYsHFVI8w==",
        "dependencies": {
          "HotChocolate.Execution": "15.1.17"
        }
      },
      "HotChocolate.CostAnalysis": {
        "type": "Transitive",
        "resolved": "15.1.17",
        "contentHash": "knTqseOIgoIAXdfPdIERdypUFTeNOPOj0BrE9U7tE2YHlDejy2tclVlpqdP/pWk9sLpo4ptTSmXhTaN7ghlelA==",
        "dependencies": {
          "HotChocolate.Execution": "15.1.17",
          "HotChocolate.Types": "15.1.17"
        }
      },
      "HotChocolate.Execution": {
        "type": "Transitive",
        "resolved": "15.1.17",
        "contentHash": "sKECoziAoqvXf62jQkUMbNJb1b7WHkLtpc+UhDkA2PkV8C+Va7qd6JonmtqY6ZSxe/iC/YSOb00MVx/hgP4gng==",
        "dependencies": {
          "HotChocolate.Abstractions": "15.1.17",
          "HotChocolate.Execution.Abstractions": "15.1.17",
          "HotChocolate.Fetching": "15.1.17",
          "HotChocolate.Types": "15.1.17",
          "HotChocolate.Utilities.DependencyInjection": "15.1.17",
          "HotChocolate.Validation": "15.1.17"
        }
      },
      "HotChocolate.Execution.Abstractions": {
        "type": "Transitive",
        "resolved": "15.1.17",
        "contentHash": "XNEEgJQeqkdZVzR92DJJTKB1emWzauKHtYEhHP+X2mrcN/ww8LToQyr/iOeDd7OqmdFz6QWPBtPC6ZZnRM374A==",
        "dependencies": {
          "HotChocolate.Abstractions": "15.1.17"
        }
      },
      "HotChocolate.Execution.Projections": {
        "type": "Transitive",
        "resolved": "15.1.17",
        "contentHash": "5Mawd8ARWCnOsXa/SAwv2RuDMD43syIEzvR2UX/gZzC4xDLmF4f9Io8v/LdObFi2KzuQUy+Z26fDQ00U1kd6nw==",
        "dependencies": {
          "GreenDonut.Data": "15.1.17",
          "GreenDonut.Data.Abstractions": "15.1.17",
          "GreenDonut.Data.Primitives": "15.1.17",
          "HotChocolate.Execution": "15.1.17"
        }
      },
      "HotChocolate.Features": {
        "type": "Transitive",
        "resolved": "15.1.17",
        "contentHash": "8F16g92J5jyuCq1LRVXTzwYBXATxYxtsoLLNR1rWYXkj7aMV6fB9GucL1GCl4XFbW6AYLHBms5c+A3qOEg9Zug=="
      },
      "HotChocolate.Fetching": {
        "type": "Transitive",
        "resolved": "15.1.17",
        "contentHash": "+F9gT/MwRwmjHMcVawrsY/GhPdwg++FrhthVipe2nHeeRSpin5uIJ/K+TPnqymjfGd9mD/C94DSchn6/LLwelA==",
        "dependencies": {
          "GreenDonut": "15.1.17",
          "HotChocolate.Types": "15.1.17"
        }
      },
      "HotChocolate.Language": {
        "type": "Transitive",
        "resolved": "15.1.17",
        "contentHash": "PKmtlJJT/aQz/bl7sAYdgj6ric1QMgG+VHqPs0hTF2VwQDfzs/MJLyfYYv4bTOHPYS3MbnaSnyUhXwX68RJpFQ==",
        "dependencies": {
          "HotChocolate.Language.SyntaxTree": "15.1.17",
          "HotChocolate.Language.Utf8": "15.1.17",
          "HotChocolate.Language.Visitors": "15.1.17",
          "HotChocolate.Language.Web": "15.1.17"
        }
      },
      "HotChocolate.Language.SyntaxTree": {
        "type": "Transitive",
        "resolved": "15.1.17",
        "contentHash": "qV1FM5Lnob3JVLoftlEPvjpRpw4TpBeJHDoM9bqv4jfvN5OPy9CJ+NrQmSCsnt5DlD0Vcm2kiT7xV/wBvaBITA=="
      },
      "HotChocolate.Language.Utf8": {
        "type": "Transitive",
        "resolved": "15.1.17",
        "contentHash": "L5vB+w8pDQPUf0TOUEcZN+0lpmC4BEg9JQKgB8Lf2MybKFw881X36cYhpYTOGwFWWED9OH0XaJZrrdtZzsFnFg==",
        "dependencies": {
          "HotChocolate.Language.SyntaxTree": "15.1.17"
        }
      },
      "HotChocolate.Language.Visitors": {
        "type": "Transitive",
        "resolved": "15.1.17",
        "contentHash": "qemK/0wvi0WxHMWtscLwYzXfnBx//x1cc3KkuDuXFi53b1ekpjpVQymQ7U3gLDEbQMU8L6GrEhzIhclZynsZ8Q==",
        "dependencies": {
          "HotChocolate.Language.SyntaxTree": "15.1.17"
        }
      },
      "HotChocolate.Language.Web": {
        "type": "Transitive",
        "resolved": "15.1.17",
        "contentHash": "1rGhYPgQ9AWYgyXfOdOO8M8CAyF/g0lCFvQc4U4IfQGW15OG73mMZsmB2W3E5lMg5i4gJwfe+IY4uK3haRQkcQ==",
        "dependencies": {
          "HotChocolate.Language.Utf8": "15.1.17"
        }
      },
      "HotChocolate.Primitives": {
        "type": "Transitive",
        "resolved": "15.1.17",
        "contentHash": "6z0ka5faTlzai/k00SZLsqR8yV4iGLew/ohyXGD4zR8Tvl2HO24oJFnN9c5k6gp4LdUsGN0nNNYlInvFUXJGew==",
        "dependencies": {
          "HotChocolate.Language": "15.1.17"
        }
      },
      "HotChocolate.Subscriptions": {
        "type": "Transitive",
        "resolved": "15.1.17",
        "contentHash": "gH+yXo3p96wAlH2EDqRWzyPj3yx8D4ya7CA9kr6ABvoXTqSmACSTWHB+rW2iJgB4lC4m0TZrPsx2sgbGrn4KYA==",
        "dependencies": {
          "HotChocolate.Abstractions": "15.1.17",
          "HotChocolate.Execution.Abstractions": "15.1.17",
          "HotChocolate.Utilities": "15.1.17"
        }
      },
      "HotChocolate.Subscriptions.InMemory": {
        "type": "Transitive",
        "resolved": "15.1.17",
        "contentHash": "JyjZ3m8cSaS+4cq/hA+vW83am8aQycw8YV/9i2plpYUXPz/vLt8gnbGRQMrCVE5jKJ70SInpXc7A6oC6zdqL/w==",
        "dependencies": {
          "HotChocolate.Execution.Abstractions": "15.1.17",
          "HotChocolate.Subscriptions": "15.1.17"
        }
      },
      "HotChocolate.Transport.Sockets": {
        "type": "Transitive",
        "resolved": "15.1.17",
        "contentHash": "2HWeGRtGAmZ8bZgqmdTWr5ulCx2NjCrayukaMQdqHFTryVzTm8B35aGxSaKHGApNq8FAVSsOWodI6CRxIcPlCw=="
      },
      "HotChocolate.Types": {
        "type": "Transitive",
        "resolved": "15.1.17",
        "contentHash": "/AFiztbaHCjn97LF72DBcRggalmQrwiO3L6AHibZaylCLSX3sXI3XD7wasoktnCYude7idVVak6wmIKzntCIpQ==",
        "dependencies": {
          "GreenDonut": "15.1.17",
          "HotChocolate.Abstractions": "15.1.17",
          "HotChocolate.Features": "15.1.17",
          "HotChocolate.Types.Shared": "15.1.17",
          "HotChocolate.Utilities": "15.1.17"
        }
      },
      "HotChocolate.Types.CursorPagination": {
        "type": "Transitive",
        "resolved": "15.1.17",
        "contentHash": "2PXu8yIxQlTjoUwqyn/LMm4C7KiaNUei/9i8s2+64VertbcYwgRZJghoM84dOvFSo6SEsRuFYRf1NRpTlpVxug==",
        "dependencies": {
          "HotChocolate.Execution.Abstractions": "15.1.17",
          "HotChocolate.Types": "15.1.17"
        }
      },
      "HotChocolate.Types.CursorPagination.Extensions": {
        "type": "Transitive",
        "resolved": "15.1.17",
        "contentHash": "mrPtm8stJy5jmOCT3z7Y7Ra0CHXjXEtikUpRctAFYEKVAI+E3dqKfYiM5gkX3OLJLEl37mL1ApVu0COTfD27Xg==",
        "dependencies": {
          "GreenDonut.Data": "15.1.17",
          "HotChocolate.Types.CursorPagination": "15.1.17"
        }
      },
      "HotChocolate.Types.Errors": {
        "type": "Transitive",
        "resolved": "15.1.17",
        "contentHash": "8hUBl7njNze75OetowfjsaUeI4RQj0KVtpZYdUvnijmHmaVr0kKCk1O6KWaS4rOfK2IrFZmBcFBewH+0pjwRKA==",
        "dependencies": {
          "HotChocolate.Execution": "15.1.17"
        }
      },
      "HotChocolate.Types.Mutations": {
        "type": "Transitive",
        "resolved": "15.1.17",
        "contentHash": "/4A9lfIGlyy5vJSd3A6WCiXfaUpkpR1UBLRpC0sfa/fHjG4Vief7X0Ar/BlMe3rvayVEAHOn8xctpAdLdxp3GA==",
        "dependencies": {
          "HotChocolate.Execution": "15.1.17",
          "HotChocolate.Types.Errors": "15.1.17"
        }
      },
      "HotChocolate.Types.Queries": {
        "type": "Transitive",
        "resolved": "15.1.17",
        "contentHash": "ySqQHSeMpdDXDGcf+weJBOgEPY5RPy5Y1EFu68JoqoEYxyU/67xeAOfBjowrsSP4NFcB7xZ+NNqaPmTB/HecNA==",
        "dependencies": {
          "HotChocolate.Execution": "15.1.17",
          "HotChocolate.Types.Errors": "15.1.17"
        }
      },
      "HotChocolate.Types.Scalars.Upload": {
        "type": "Transitive",
        "resolved": "15.1.17",
        "contentHash": "BHBS2883evcupSDZMjMc4wQiUnG5WbNRknwlcaMqekAZVSIvcYbZdyFk83fkqb127p5s2F02YnlyQ3kCXAkutw==",
        "dependencies": {
          "HotChocolate.Types": "15.1.17"
        }
      },
      "HotChocolate.Types.Shared": {
        "type": "Transitive",
        "resolved": "15.1.17",
        "contentHash": "XqtFcm/Iz1YizYCU1hfKAiXkjr3pEzezRcQ0nkkY3iMd0+dv5JWE1icXV3Nn/sWdOB15J1a7cnQj4H0w7wMKng==",
        "dependencies": {
          "HotChocolate.Language.SyntaxTree": "15.1.17"
        }
      },
      "HotChocolate.Utilities": {
        "type": "Transitive",
        "resolved": "15.1.17",
        "contentHash": "dp7zW5Ukxy8KJXSJObGW9jznv98TYP1IOm4qi8l5PI1QG+/QhJf2SgdDXUsmIIcUowugh9hU4kdgXUk33esDrA=="
      },
      "HotChocolate.Utilities.DependencyInjection": {
        "type": "Transitive",
        "resolved": "15.1.17",
        "contentHash": "yc99bYmeZfEF50Vvg4neWz2x/yVVRTZ0IzaiF3VptfHUWbgYjM7cwVx5IiMZpwJLRd8dR9OzErlzx1v2JNUIYA=="
      },
      "HotChocolate.Validation": {
        "type": "Transitive",
        "resolved": "15.1.17",
        "contentHash": "4hd+MPaMP8cl3WY1phSHaAePJdJaJcP51xm2yqToZn0li0f8+YDoB6ZDXC0bgKVPxlH/cBF0d38WAdLVpes/Og==",
        "dependencies": {
          "HotChocolate.Types": "15.1.17"
        }
      },
      "System.IO.Hashing": {
        "type": "Transitive",
        "resolved": "8.0.0",
        "contentHash": "ne1843evDugl0md7Fjzy6QjJrzsjh46ZKbhf8GwBXb5f/gw97J4bxMs0NQKifDuThh/f0bZ0e62NPl1jzTuRqA=="
      },
      "Yarp.ReverseProxy": {
        "type": "Transitive",
        "resolved": "2.3.0",
        "contentHash": "gxtkN3a+9biu9V9Zd5NaTO6VZWXAnS2mhQ0R/VXmSPoTuiQNZsakKikrKpDtKxrL5nUYzbRsHtl40WNq+ZBKKg==",
        "dependencies": {
          "System.IO.Hashing": "8.0.0"
        }
      },
      "linq2graphql.testserver.shared": {
        "type": "Project",
        "dependencies": {
          "HotChocolate.AspNetCore": "[15.1.17, )",
          "HotChocolate.Data": "[15.1.17, )"
        }
      }
    }
  }
}